
Microsoft Visual Studio Solution File, Format Version 12.00
# Visual Studio Version 17
VisualStudioVersion = 17.7.34031.279
MinimumVisualStudioVersion = 10.0.40219.1
Project("{FAE04EC0-301F-11D3-BF4B-00C04F79EFBC}") = "Projekt", "Projekt\Projekt.csproj", "{BC21C9E2-0554-4158-BD6D-74AD29ABA4E3}"
EndProject
Global
	GlobalSection(SolutionConfigurationPlatforms) = preSolution
		Debug|Any CPU = Debug|Any CPU
		Release|Any CPU = Release|Any CPU
	EndGlobalSection
	GlobalSection(ProjectConfigurationPlatforms) = postSolution
		{BC21C9E2-0554-4158-BD6D-74AD29ABA4E3}.Debug|Any CPU.ActiveCfg = Debug|Any CPU
		{BC21C9E2-0554-4158-BD6D-74AD29ABA4E3}.Debug|Any CPU.Build.0 = Debug|Any CPU
		{BC21C9E2-0554-4158-BD6D-74AD29ABA4E3}.Release|Any CPU.ActiveCfg = Release|Any CPU
		{BC21C9E2-0554-4158-BD6D-74AD29ABA4E3}.Release|Any CPU.Build.0 = Release|Any CPU
	EndGlobalSection
	GlobalSection(SolutionProperties) = preSolution
		HideSolutionNode = FALSE
	EndGlobalSection
	GlobalSection(ExtensibilityGlobals) = postSolution
		SolutionGuid = {04D53514-8D73-4F3C-A9C1-796F005198F1}
	EndGlobalSection
EndGlobal
